
Microsoft Visual Studio Solution File, Format Version 12.00
# Visual Studio Version 17
VisualStudioVersion = 17.12.35506.116
MinimumVisualStudioVersion = 10.0.40219.1
Project("{FAE04EC0-301F-11D3-BF4B-00C04F79EFBC}") = "RedisApplication", "RedisApplication\RedisApplication.csproj", "{5AC080EE-D83D-44D6-8641-AF2CFBCC85A7}"
EndProject
Project("{FAE04EC0-301F-11D3-BF4B-00C04F79EFBC}") = "RedisWebApplication", "RedisWebApplication\RedisWebApplication.csproj", "{50401239-3506-4067-A1B4-0188D9892499}"
EndProject
Project("{FAE04EC0-301F-11D3-BF4B-00C04F79EFBC}") = "Ex_Redis.API", "Ex_Redis.API\Ex_Redis.API.csproj", "{09C8E4A3-EAAB-4ECC-9F6A-031C533EBA03}"
EndProject
Project("{FAE04EC0-301F-11D3-BF4B-00C04F79EFBC}") = "Ex_Redis.Data", "Ex_Redis.Data\Ex_Redis.Data.csproj", "{B5CC2EB8-9D34-43E9-B4C6-E251F0952096}"
EndProject
Global
	GlobalSection(SolutionConfigurationPlatforms) = preSolution
		Debug|Any CPU = Debug|Any CPU
		Release|Any CPU = Release|Any CPU
	EndGlobalSection
	GlobalSection(ProjectConfigurationPlatforms) = postSolution
		{5AC080EE-D83D-44D6-8641-AF2CFBCC85A7}.Debug|Any CPU.ActiveCfg = Debug|Any CPU
		{5AC080EE-D83D-44D6-8641-AF2CFBCC85A7}.Debug|Any CPU.Build.0 = Debug|Any CPU
		{5AC080EE-D83D-44D6-8641-AF2CFBCC85A7}.Release|Any CPU.ActiveCfg = Release|Any CPU
		{5AC080EE-D83D-44D6-8641-AF2CFBCC85A7}.Release|Any CPU.Build.0 = Release|Any CPU
		{50401239-3506-4067-A1B4-0188D9892499}.Debug|Any CPU.ActiveCfg = Debug|Any CPU
		{50401239-3506-4067-A1B4-0188D9892499}.Debug|Any CPU.Build.0 = Debug|Any CPU
		{50401239-3506-4067-A1B4-0188D9892499}.Release|Any CPU.ActiveCfg = Release|Any CPU
		{50401239-3506-4067-A1B4-0188D9892499}.Release|Any CPU.Build.0 = Release|Any CPU
		{09C8E4A3-EAAB-4ECC-9F6A-031C533EBA03}.Debug|Any CPU.ActiveCfg = Debug|Any CPU
		{09C8E4A3-EAAB-4ECC-9F6A-031C533EBA03}.Debug|Any CPU.Build.0 = Debug|Any CPU
		{09C8E4A3-EAAB-4ECC-9F6A-031C533EBA03}.Release|Any CPU.ActiveCfg = Release|Any CPU
		{09C8E4A3-EAAB-4ECC-9F6A-031C533EBA03}.Release|Any CPU.Build.0 = Release|Any CPU
		{B5CC2EB8-9D34-43E9-B4C6-E251F0952096}.Debug|Any CPU.ActiveCfg = Debug|Any CPU
		{B5CC2EB8-9D34-43E9-B4C6-E251F0952096}.Debug|Any CPU.Build.0 = Debug|Any CPU
		{B5CC2EB8-9D34-43E9-B4C6-E251F0952096}.Release|Any CPU.ActiveCfg = Release|Any CPU
		{B5CC2EB8-9D34-43E9-B4C6-E251F0952096}.Release|Any CPU.Build.0 = Release|Any CPU
	EndGlobalSection
	GlobalSection(SolutionProperties) = preSolution
		HideSolutionNode = FALSE
	EndGlobalSection
EndGlobal
